
Microsoft Visual Studio Solution File, Format Version 12.00
# Visual Studio Version 17
VisualStudioVersion = 17.13.35931.197 d17.13
MinimumVisualStudioVersion = 10.0.40219.1
Project("{8BC9CEB8-8B4A-11D0-8D11-00A0C91BC942}") = "PRACTICA8_FINAL", "PRACTICA8_FINAL\PRACTICA8_FINAL.vcxproj", "{F9129A64-AC65-4AC5-9079-083BCF6A9CBB}"
EndProject
Global
	GlobalSection(SolutionConfigurationPlatforms) = preSolution
		Debug|x64 = Debug|x64
		Debug|x86 = Debug|x86
		Release|x64 = Release|x64
		Release|x86 = Release|x86
	EndGlobalSection
	GlobalSection(ProjectConfigurationPlatforms) = postSolution
		{F9129A64-AC65-4AC5-9079-083BCF6A9CBB}.Debug|x64.ActiveCfg = Debug|x64
		{F9129A64-AC65-4AC5-9079-083BCF6A9CBB}.Debug|x64.Build.0 = Debug|x64
		{F9129A64-AC65-4AC5-9079-083BCF6A9CBB}.Debug|x86.ActiveCfg = Debug|Win32
		{F9129A64-AC65-4AC5-9079-083BCF6A9CBB}.Debug|x86.Build.0 = Debug|Win32
		{F9129A64-AC65-4AC5-9079-083BCF6A9CBB}.Release|x64.ActiveCfg = Release|x64
		{F9129A64-AC65-4AC5-9079-083BCF6A9CBB}.Release|x64.Build.0 = Release|x64
		{F9129A64-AC65-4AC5-9079-083BCF6A9CBB}.Release|x86.ActiveCfg = Release|Win32
		{F9129A64-AC65-4AC5-9079-083BCF6A9CBB}.Release|x86.Build.0 = Release|Win32
	EndGlobalSection
	GlobalSection(SolutionProperties) = preSolution
		HideSolutionNode = FALSE
	EndGlobalSection
	GlobalSection(ExtensibilityGlobals) = postSolution
		SolutionGuid = {94BDA3B0-BA92-4751-8D34-A14F1030822C}
	EndGlobalSection
EndGlobal
